{
  "name": "{{name}}",
  "version": "1.0.0",
  "lockfileVersion": 1,
  "requires": true,
  "dependencies": {
    "lightpath": {
      "version": "0.0.5",
      "resolved": "https://registry.npmjs.org/lightpath/-/lightpath-0.0.5.tgz",
      "integrity": "sha512-rDPqsxp2ODYY2SAWtlRWO24QwFIcqytjqgnaWCsuiaXdrf92sKpLOF6uQb+3bpNb1CB2KpmbyEwbdCs7jkYNuQ=="
    }
  }
}
